
Microsoft Visual Studio Solution File, Format Version 12.00
# Visual Studio Version 17
VisualStudioVersion = 17.0.31903.59
MinimumVisualStudioVersion = 10.0.40219.1
Project("{2150E333-8FDC-42A3-9474-1A3956D46DE8}") = "02-OPP", "02-OPP", "{8F42E0EC-96EB-E237-4EB9-5C812AC49911}"
EndProject
Project("{FAE04EC0-301F-11D3-BF4B-00C04F79EFBC}") = "01-Siniflar", "02-OPP\01-Siniflar\01-Siniflar.csproj", "{D8D7C76C-91E7-471A-9627-13637FF960D7}"
EndProject
Project("{FAE04EC0-301F-11D3-BF4B-00C04F79EFBC}") = "02-Methods", "02-OPP\02-Methods\02-Methods.csproj", "{4AF07979-EA65-47B4-BCB6-DAB8C01AA0BF}"
EndProject
Project("{FAE04EC0-301F-11D3-BF4B-00C04F79EFBC}") = "03-Constructors", "02-OPP\03-Constructors\03-Constructors.csproj", "{5E9CE820-064D-40AF-8191-DCF0471797E2}"
EndProject
Project("{2150E333-8FDC-42A3-9474-1A3956D46DE8}") = "04-Modifiers-Static Methods", "04-Modifiers-Static Methods", "{A4CD8B54-8FB8-7824-4B84-01906601C150}"
EndProject
Project("{FAE04EC0-301F-11D3-BF4B-00C04F79EFBC}") = "04-Modifiers-Static Method", "02-OPP\04-Modifiers-Static Methods\04-Modifiers-Static Method.csproj", "{7EF2C706-2FE0-4B58-B227-389CE98D1814}"
EndProject
Global
	GlobalSection(SolutionConfigurationPlatforms) = preSolution
		Debug|Any CPU = Debug|Any CPU
		Debug|x64 = Debug|x64
		Debug|x86 = Debug|x86
		Release|Any CPU = Release|Any CPU
		Release|x64 = Release|x64
		Release|x86 = Release|x86
	EndGlobalSection
	GlobalSection(ProjectConfigurationPlatforms) = postSolution
		{D8D7C76C-91E7-471A-9627-13637FF960D7}.Debug|Any CPU.ActiveCfg = Debug|Any CPU
		{D8D7C76C-91E7-471A-9627-13637FF960D7}.Debug|Any CPU.Build.0 = Debug|Any CPU
		{D8D7C76C-91E7-471A-9627-13637FF960D7}.Debug|x64.ActiveCfg = Debug|Any CPU
		{D8D7C76C-91E7-471A-9627-13637FF960D7}.Debug|x64.Build.0 = Debug|Any CPU
		{D8D7C76C-91E7-471A-9627-13637FF960D7}.Debug|x86.ActiveCfg = Debug|Any CPU
		{D8D7C76C-91E7-471A-9627-13637FF960D7}.Debug|x86.Build.0 = Debug|Any CPU
		{D8D7C76C-91E7-471A-9627-13637FF960D7}.Release|Any CPU.ActiveCfg = Release|Any CPU
		{D8D7C76C-91E7-471A-9627-13637FF960D7}.Release|Any CPU.Build.0 = Release|Any CPU
		{D8D7C76C-91E7-471A-9627-13637FF960D7}.Release|x64.ActiveCfg = Release|Any CPU
		{D8D7C76C-91E7-471A-9627-13637FF960D7}.Release|x64.Build.0 = Release|Any CPU
		{D8D7C76C-91E7-471A-9627-13637FF960D7}.Release|x86.ActiveCfg = Release|Any CPU
		{D8D7C76C-91E7-471A-9627-13637FF960D7}.Release|x86.Build.0 = Release|Any CPU
		{4AF07979-EA65-47B4-BCB6-DAB8C01AA0BF}.Debug|Any CPU.ActiveCfg = Debug|Any CPU
		{4AF07979-EA65-47B4-BCB6-DAB8C01AA0BF}.Debug|Any CPU.Build.0 = Debug|Any CPU
		{4AF07979-EA65-47B4-BCB6-DAB8C01AA0BF}.Debug|x64.ActiveCfg = Debug|Any CPU
		{4AF07979-EA65-47B4-BCB6-DAB8C01AA0BF}.Debug|x64.Build.0 = Debug|Any CPU
		{4AF07979-EA65-47B4-BCB6-DAB8C01AA0BF}.Debug|x86.ActiveCfg = Debug|Any CPU
		{4AF07979-EA65-47B4-BCB6-DAB8C01AA0BF}.Debug|x86.Build.0 = Debug|Any CPU
		{4AF07979-EA65-47B4-BCB6-DAB8C01AA0BF}.Release|Any CPU.ActiveCfg = Release|Any CPU
		{4AF07979-EA65-47B4-BCB6-DAB8C01AA0BF}.Release|Any CPU.Build.0 = Release|Any CPU
		{4AF07979-EA65-47B4-BCB6-DAB8C01AA0BF}.Release|x64.ActiveCfg = Release|Any CPU
		{4AF07979-EA65-47B4-BCB6-DAB8C01AA0BF}.Release|x64.Build.0 = Release|Any CPU
		{4AF07979-EA65-47B4-BCB6-DAB8C01AA0BF}.Release|x86.ActiveCfg = Release|Any CPU
		{4AF07979-EA65-47B4-BCB6-DAB8C01AA0BF}.Release|x86.Build.0 = Release|Any CPU
		{5E9CE820-064D-40AF-8191-DCF0471797E2}.Debug|Any CPU.ActiveCfg = Debug|Any CPU
		{5E9CE820-064D-40AF-8191-DCF0471797E2}.Debug|Any CPU.Build.0 = Debug|Any CPU
		{5E9CE820-064D-40AF-8191-DCF0471797E2}.Debug|x64.ActiveCfg = Debug|Any CPU
		{5E9CE820-064D-40AF-8191-DCF0471797E2}.Debug|x64.Build.0 = Debug|Any CPU
		{5E9CE820-064D-40AF-8191-DCF0471797E2}.Debug|x86.ActiveCfg = Debug|Any CPU
		{5E9CE820-064D-40AF-8191-DCF0471797E2}.Debug|x86.Build.0 = Debug|Any CPU
		{5E9CE820-064D-40AF-8191-DCF0471797E2}.Release|Any CPU.ActiveCfg = Release|Any CPU
		{5E9CE820-064D-40AF-8191-DCF0471797E2}.Release|Any CPU.Build.0 = Release|Any CPU
		{5E9CE820-064D-40AF-8191-DCF0471797E2}.Release|x64.ActiveCfg = Release|Any CPU
		{5E9CE820-064D-40AF-8191-DCF0471797E2}.Release|x64.Build.0 = Release|Any CPU
		{5E9CE820-064D-40AF-8191-DCF0471797E2}.Release|x86.ActiveCfg = Release|Any CPU
		{5E9CE820-064D-40AF-8191-DCF0471797E2}.Release|x86.Build.0 = Release|Any CPU
		{7EF2C706-2FE0-4B58-B227-389CE98D1814}.Debug|Any CPU.ActiveCfg = Debug|Any CPU
		{7EF2C706-2FE0-4B58-B227-389CE98D1814}.Debug|Any CPU.Build.0 = Debug|Any CPU
		{7EF2C706-2FE0-4B58-B227-389CE98D1814}.Debug|x64.ActiveCfg = Debug|Any CPU
		{7EF2C706-2FE0-4B58-B227-389CE98D1814}.Debug|x64.Build.0 = Debug|Any CPU
		{7EF2C706-2FE0-4B58-B227-389CE98D1814}.Debug|x86.ActiveCfg = Debug|Any CPU
		{7EF2C706-2FE0-4B58-B227-389CE98D1814}.Debug|x86.Build.0 = Debug|Any CPU
		{7EF2C706-2FE0-4B58-B227-389CE98D1814}.Release|Any CPU.ActiveCfg = Release|Any CPU
		{7EF2C706-2FE0-4B58-B227-389CE98D1814}.Release|Any CPU.Build.0 = Release|Any CPU
		{7EF2C706-2FE0-4B58-B227-389CE98D1814}.Release|x64.ActiveCfg = Release|Any CPU
		{7EF2C706-2FE0-4B58-B227-389CE98D1814}.Release|x64.Build.0 = Release|Any CPU
		{7EF2C706-2FE0-4B58-B227-389CE98D1814}.Release|x86.ActiveCfg = Release|Any CPU
		{7EF2C706-2FE0-4B58-B227-389CE98D1814}.Release|x86.Build.0 = Release|Any CPU
	EndGlobalSection
	GlobalSection(SolutionProperties) = preSolution
		HideSolutionNode = FALSE
	EndGlobalSection
	GlobalSection(NestedProjects) = preSolution
		{D8D7C76C-91E7-471A-9627-13637FF960D7} = {8F42E0EC-96EB-E237-4EB9-5C812AC49911}
		{4AF07979-EA65-47B4-BCB6-DAB8C01AA0BF} = {8F42E0EC-96EB-E237-4EB9-5C812AC49911}
		{5E9CE820-064D-40AF-8191-DCF0471797E2} = {8F42E0EC-96EB-E237-4EB9-5C812AC49911}
		{A4CD8B54-8FB8-7824-4B84-01906601C150} = {8F42E0EC-96EB-E237-4EB9-5C812AC49911}
		{7EF2C706-2FE0-4B58-B227-389CE98D1814} = {A4CD8B54-8FB8-7824-4B84-01906601C150}
	EndGlobalSection
EndGlobal
